PODS:
  - EventHub (2.4)
  - Nimble (8.1.1)
  - Quick (3.0.0)

DEPENDENCIES:
  - EventHub (from `../`)
  - Nimble
  - Quick

SPEC REPOS:
  https://github.com/CocoaPods/Specs.git:
    - Nimble
    - Quick

EXTERNAL SOURCES:
  EventHub:
    :path: "../"

SPEC CHECKSUMS:
  EventHub: 648386f02cb481896ad54c64545802dcb4d1256a
  Nimble: 5f8a2fb6fa343a7242dfdd9d42f7267419d464b2
  Quick: 6d9559f40647bc4d510103842ef2fdd882d753e2

PODFILE CHECKSUM: 6d2d628c052749202e2f53aff19fa6b7a456346c

COCOAPODS: 1.8.4
