PODS:
  - EventHub (2.3)
  - Nimble (8.0.4)
  - Quick (2.2.0)

DEPENDENCIES:
  - EventHub (from `../`)
  - Nimble
  - Quick

SPEC REPOS:
  https://github.com/CocoaPods/Specs.git:
    - Nimble
    - Quick

EXTERNAL SOURCES:
  EventHub:
    :path: "../"

SPEC CHECKSUMS:
  EventHub: e5d5d51964a63a8ac486ccecc5b70ae09204d1c2
  Nimble: 18d5360282923225d62b09d781f63abc1a0111fc
  Quick: 7fb19e13be07b5dfb3b90d4f9824c855a11af40e

PODFILE CHECKSUM: 0108071b4af454d8c8d5d16ef79fb1a26d7ac216

COCOAPODS: 1.8.4
